
Microsoft Visual Studio Solution File, Format Version 12.00
Project("{FAE04EC0-301F-11D3-BF4B-00C04F79EFBC}") = "Aspirational.Manifests", "src\Aspirational.Manifests\Aspirational.Manifests.csproj", "{EFBECAE3-3385-4FB3-BAA7-631F695A6665}"
EndProject
Project("{2150E333-8FDC-42A3-9474-1A3956D46DE8}") = "src", "src", "{796B4241-81DD-4233-8DB5-FAE145D55F46}"
EndProject
Project("{2150E333-8FDC-42A3-9474-1A3956D46DE8}") = "eng", "eng", "{52460A37-4C13-45BA-BB17-C2C430A55BCD}"
	ProjectSection(SolutionItems) = preProject
		.gitattributes = .gitattributes
		.gitignore = .gitignore
		Directory.Build.props = Directory.Build.props
		Directory.Build.targets = Directory.Build.targets
		Directory.Packages.props = Directory.Packages.props
		README.md = README.md
		renovate.json = renovate.json
		nuget.config = nuget.config
		LICENSE.TXT = LICENSE.TXT
	EndProjectSection
EndProject
Global
	GlobalSection(SolutionConfigurationPlatforms) = preSolution
		Debug|Any CPU = Debug|Any CPU
		Release|Any CPU = Release|Any CPU
	EndGlobalSection
	GlobalSection(ProjectConfigurationPlatforms) = postSolution
		{EFBECAE3-3385-4FB3-BAA7-631F695A6665}.Debug|Any CPU.ActiveCfg = Debug|Any CPU
		{EFBECAE3-3385-4FB3-BAA7-631F695A6665}.Debug|Any CPU.Build.0 = Debug|Any CPU
		{EFBECAE3-3385-4FB3-BAA7-631F695A6665}.Release|Any CPU.ActiveCfg = Release|Any CPU
		{EFBECAE3-3385-4FB3-BAA7-631F695A6665}.Release|Any CPU.Build.0 = Release|Any CPU
	EndGlobalSection
	GlobalSection(NestedProjects) = preSolution
		{EFBECAE3-3385-4FB3-BAA7-631F695A6665} = {796B4241-81DD-4233-8DB5-FAE145D55F46}
	EndGlobalSection
EndGlobal
